// !$*UTF8*$!
{
	archiveVersion = 1;
	classes = {
	};
	objectVersion = 50;
	objects = {

/* Begin PBXBuildFile section */
		096BF43E22D099A700CE5517 /* AppDelegate.swift in Sources */ = {isa = PBXBuildFile; fileRef = 096BF43D22D099A700CE5517 /* AppDelegate.swift */; };
		096BF44022D099A700CE5517 /* ViewController.swift in Sources */ = {isa = PBXBuildFile; fileRef = 096BF43F22D099A700CE5517 /* ViewController.swift */; };
		096BF44322D099A700CE5517 /* Main.storyboard in Resources */ = {isa = PBXBuildFile; fileRef = 096BF44122D099A700CE5517 /* Main.storyboard */; };
		096BF44522D099A800CE5517 /* Assets.xcassets in Resources */ = {isa = PBXBuildFile; fileRef = 096BF44422D099A800CE5517 /* Assets.xcassets */; };
		096BF44822D099A800CE5517 /* LaunchScreen.storyboard in Resources */ = {isa = PBXBuildFile; fileRef = 096BF44622D099A800CE5517 /* LaunchScreen.storyboard */; };
		096BF45322D099A800CE5517 /* Class02Tests.swift in Sources */ = {isa = PBXBuildFile; fileRef = 096BF45222D099A800CE5517 /* Class02Tests.swift */; };
		096BF45E22D099A800CE5517 /* Class02UITests.swift in Sources */ = {isa = PBXBuildFile; fileRef = 096BF45D22D099A800CE5517 /* Class02UITests.swift */; };
/* End PBXBuildFile section */

/* Begin PBXContainerItemProxy section */
		096BF44F22D099A800CE5517 /* PBXContainerItemProxy */ = {
			isa = PBXContainerItemProxy;
			containerPortal = 096BF43222D099A700CE5517 /* Project object */;
			proxyType = 1;
			remoteGlobalIDString = 096BF43922D099A700CE5517;
			remoteInfo = Class02;
		};
		096BF45A22D099A800CE5517 /* PBXContainerItemProxy */ = {
			isa = PBXContainerItemProxy;
			containerPortal = 096BF43222D099A700CE5517 /* Project object */;
			proxyType = 1;
			remoteGlobalIDString = 096BF43922D099A700CE5517;
			remoteInfo = Class02;
		};
/* End PBXContainerItemProxy section */

/* Begin PBXFileReference section */
		096BF43A22D099A700CE5517 /* Class02.app */ = {isa = PBXFileReference; explicitFileType = wrapper.application; includeInIndex = 0; path = Class02.app; sourceTree = BUILT_PRODUCTS_DIR; };
		096BF43D22D099A700CE5517 /* AppDelegate.swift */ = {isa = PBXFileReference; lastKnownFileType = sourcecode.swift; path = AppDelegate.swift; sourceTree = "<group>"; };
		096BF43F22D099A700CE5517 /* ViewController.swift */ = {isa = PBXFileReference; lastKnownFileType = sourcecode.swift; path = ViewController.swift; sourceTree = "<group>"; };
		096BF44222D099A700CE5517 /* Base */ = {isa = PBXFileReference; lastKnownFileType = file.storyboard; name = Base; path = Base.lproj/Main.storyboard; sourceTree = "<group>"; };
		096BF44422D099A800CE5517 /* Assets.xcassets */ = {isa = PBXFileReference; lastKnownFileType = folder.assetcatalog; path = Assets.xcassets; sourceTree = "<group>"; };
		096BF44722D099A800CE5517 /* Base */ = {isa = PBXFileReference; lastKnownFileType = file.storyboard; name = Base; path = Base.lproj/LaunchScreen.storyboard; sourceTree = "<group>"; };
		096BF44922D099A800CE5517 /* Info.plist */ = {isa = PBXFileReference; lastKnownFileType = text.plist.xml; path = Info.plist; sourceTree = "<group>"; };
		096BF44E22D099A800CE5517 /* Class02Tests.xctest */ = {isa = PBXFileReference; explicitFileType = wrapper.cfbundle; includeInIndex = 0; path = Class02Tests.xctest; sourceTree = BUILT_PRODUCTS_DIR; };
		096BF45222D099A800CE5517 /* Class02Tests.swift */ = {isa = PBXFileReference; lastKnownFileType = sourcecode.swift; path = Class02Tests.swift; sourceTree = "<group>"; };
		096BF45422D099A800CE5517 /* Info.plist */ = {isa = PBXFileReference; lastKnownFileType = text.plist.xml; path = Info.plist; sourceTree = "<group>"; };
		096BF45922D099A800CE5517 /* Class02UITests.xctest */ = {isa = PBXFileReference; explicitFileType = wrapper.cfbundle; includeInIndex = 0; path = Class02UITests.xctest; sourceTree = BUILT_PRODUCTS_DIR; };
		096BF45D22D099A800CE5517 /* Class02UITests.swift */ = {isa = PBXFileReference; lastKnownFileType = sourcecode.swift; path = Class02UITests.swift; sourceTree = "<group>"; };
		096BF45F22D099A800CE5517 /* Info.plist */ = {isa = PBXFileReference; lastKnownFileType = text.plist.xml; path = Info.plist; sourceTree = "<group>"; };
/* End PBXFileReference section */

/* Begin PBXFrameworksBuildPhase section */
		096BF43722D099A700CE5517 /* Frameworks */ = {
			isa = PBXFrameworksBuildPhase;
			buildActionMask = 2147483647;
			files = (
			);
			runOnlyForDeploymentPostprocessing = 0;
		};
		096BF44B22D099A800CE5517 /* Frameworks */ = {
			isa = PBXFrameworksBuildPhase;
			buildActionMask = 2147483647;
			files = (
			);
			runOnlyForDeploymentPostprocessing = 0;
		};
		096BF45622D099A800CE5517 /* Frameworks */ = {
			isa = PBXFrameworksBuildPhase;
			buildActionMask = 2147483647;
			files = (
			);
			runOnlyForDeploymentPostprocessing = 0;
		};
/* End PBXFrameworksBuildPhase section */

/* Begin PBXGroup section */
		096BF43122D099A700CE5517 = {
			isa = PBXGroup;
			children = (
				096BF43C22D099A700CE5517 /* Class02 */,
				096BF45122D099A800CE5517 /* Class02Tests */,
				096BF45C22D099A800CE5517 /* Class02UITests */,
				096BF43B22D099A700CE5517 /* Products */,
			);
			sourceTree = "<group>";
		};
		096BF43B22D099A700CE5517 /* Products */ = {
			isa = PBXGroup;
			children = (
				096BF43A22D099A700CE5517 /* Class02.app */,
				096BF44E22D099A800CE5517 /* Class02Tests.xctest */,
				096BF45922D099A800CE5517 /* Class02UITests.xctest */,
			);
			name = Products;
			sourceTree = "<group>";
		};
		096BF43C22D099A700CE5517 /* Class02 */ = {
			isa = PBXGroup;
			children = (
				096BF43D22D099A700CE5517 /* AppDelegate.swift */,
				096BF43F22D099A700CE5517 /* ViewController.swift */,
				096BF44122D099A700CE5517 /* Main.storyboard */,
				096BF44422D099A800CE5517 /* Assets.xcassets */,
				096BF44622D099A800CE5517 /* LaunchScreen.storyboard */,
				096BF44922D099A800CE5517 /* Info.plist */,
			);
			path = Class02;
			sourceTree = "<group>";
		};
		096BF45122D099A800CE5517 /* Class02Tests */ = {
			isa = PBXGroup;
			children = (
				096BF45222D099A800CE5517 /* Class02Tests.swift */,
				096BF45422D099A800CE5517 /* Info.plist */,
			);
			path = Class02Tests;
			sourceTree = "<group>";
		};
		096BF45C22D099A800CE5517 /* Class02UITests */ = {
			isa = PBXGroup;
			children = (
				096BF45D22D099A800CE5517 /* Class02UITests.swift */,
				096BF45F22D099A800CE5517 /* Info.plist */,
			);
			path = Class02UITests;
			sourceTree = "<group>";
		};
/* End PBXGroup section */

/* Begin PBXNativeTarget section */
		096BF43922D099A700CE5517 /* Class02 */ = {
			isa = PBXNativeTarget;
			buildConfigurationList = 096BF46222D099A800CE5517 /* Build configuration list for PBXNativeTarget "Class02" */;
			buildPhases = (
				096BF43622D099A700CE5517 /* Sources */,
				096BF43722D099A700CE5517 /* Frameworks */,
				096BF43822D099A700CE5517 /* Resources */,
			);
			buildRules = (
			);
			dependencies = (
			);
			name = Class02;
			productName = Class02;
			productReference = 096BF43A22D099A700CE5517 /* Class02.app */;
			productType = "com.apple.product-type.application";
		};
		096BF44D22D099A800CE5517 /* Class02Tests */ = {
			isa = PBXNativeTarget;
			buildConfigurationList = 096BF46522D099A800CE5517 /* Build configuration list for PBXNativeTarget "Class02Tests" */;
			buildPhases = (
				096BF44A22D099A800CE5517 /* Sources */,
				096BF44B22D099A800CE5517 /* Frameworks */,
				096BF44C22D099A800CE5517 /* Resources */,
			);
			buildRules = (
			);
			dependencies = (
				096BF45022D099A800CE5517 /* PBXTargetDependency */,
			);
			name = Class02Tests;
			productName = Class02Tests;
			productReference = 096BF44E22D099A800CE5517 /* Class02Tests.xctest */;
			productType = "com.apple.product-type.bundle.unit-test";
		};
		096BF45822D099A800CE5517 /* Class02UITests */ = {
			isa = PBXNativeTarget;
			buildConfigurationList = 096BF46822D099A800CE5517 /* Build configuration list for PBXNativeTarget "Class02UITests" */;
			buildPhases = (
				096BF45522D099A800CE5517 /* Sources */,
				096BF45622D099A800CE5517 /* Frameworks */,
				096BF45722D099A800CE5517 /* Resources */,
			);
			buildRules = (
			);
			dependencies = (
				096BF45B22D099A800CE5517 /* PBXTargetDependency */,
			);
			name = Class02UITests;
			productName = Class02UITests;
			productReference = 096BF45922D099A800CE5517 /* Class02UITests.xctest */;
			productType = "com.apple.product-type.bundle.ui-testing";
		};
/* End PBXNativeTarget section */

/* Begin PBXProject section */
		096BF43222D099A700CE5517 /* Project object */ = {
			isa = PBXProject;
			attributes = {
				LastSwiftUpdateCheck = 1020;
				LastUpgradeCheck = 1020;
				ORGANIZATIONNAME = edu.njcit;
				TargetAttributes = {
					096BF43922D099A700CE5517 = {
						CreatedOnToolsVersion = 10.2.1;
					};
					096BF44D22D099A800CE5517 = {
						CreatedOnToolsVersion = 10.2.1;
						TestTargetID = 096BF43922D099A700CE5517;
					};
					096BF45822D099A800CE5517 = {
						CreatedOnToolsVersion = 10.2.1;
						TestTargetID = 096BF43922D099A700CE5517;
					};
				};
			};
			buildConfigurationList = 096BF43522D099A700CE5517 /* Build configuration list for PBXProject "Class02" */;
			compatibilityVersion = "Xcode 9.3";
			developmentRegion = en;
			hasScannedForEncodings = 0;
			knownRegions = (
				en,
				Base,
			);
			mainGroup = 096BF43122D099A700CE5517;
			productRefGroup = 096BF43B22D099A700CE5517 /* Products */;
			projectDirPath = "";
			projectRoot = "";
			targets = (
				096BF43922D099A700CE5517 /* Class02 */,
				096BF44D22D099A800CE5517 /* Class02Tests */,
				096BF45822D099A800CE5517 /* Class02UITests */,
			);
		};
/* End PBXProject section */

/* Begin PBXResourcesBuildPhase section */
		096BF43822D099A700CE5517 /* Resources */ = {
			isa = PBXResourcesBuildPhase;
			buildActionMask = 2147483647;
			files = (
				096BF44822D099A800CE5517 /* LaunchScreen.storyboard in Resources */,
				096BF44522D099A800CE5517 /* Assets.xcassets in Resources */,
				096BF44322D099A700CE5517 /* Main.storyboard in Resources */,
			);
			runOnlyForDeploymentPostprocessing = 0;
		};
		096BF44C22D099A800CE5517 /* Resources */ = {
			isa = PBXResourcesBuildPhase;
			buildActionMask = 2147483647;
			files = (
			);
			runOnlyForDeploymentPostprocessing = 0;
		};
		096BF45722D099A800CE5517 /* Resources */ = {
			isa = PBXResourcesBuildPhase;
			buildActionMask = 2147483647;
			files = (
			);
			runOnlyForDeploymentPostprocessing = 0;
		};
/* End PBXResourcesBuildPhase section */

/* Begin PBXSourcesBuildPhase section */
		096BF43622D099A700CE5517 /* Sources */ = {
			isa = PBXSourcesBuildPhase;
			buildActionMask = 2147483647;
			files = (
				096BF44022D099A700CE5517 /* ViewController.swift in Sources */,
				096BF43E22D099A700CE5517 /* AppDelegate.swift in Sources */,
			);
			runOnlyForDeploymentPostprocessing = 0;
		};
		096BF44A22D099A800CE5517 /* Sources */ = {
			isa = PBXSourcesBuildPhase;
			buildActionMask = 2147483647;
			files = (
				096BF45322D099A800CE5517 /* Class02Tests.swift in Sources */,
			);
			runOnlyForDeploymentPostprocessing = 0;
		};
		096BF45522D099A800CE5517 /* Sources */ = {
			isa = PBXSourcesBuildPhase;
			buildActionMask = 2147483647;
			files = (
				096BF45E22D099A800CE5517 /* Class02UITests.swift in Sources */,
			);
			runOnlyForDeploymentPostprocessing = 0;
		};
/* End PBXSourcesBuildPhase section */

/* Begin PBXTargetDependency section */
		096BF45022D099A800CE5517 /* PBXTargetDependency */ = {
			isa = PBXTargetDependency;
			target = 096BF43922D099A700CE5517 /* Class02 */;
			targetProxy = 096BF44F22D099A800CE5517 /* PBXContainerItemProxy */;
		};
		096BF45B22D099A800CE5517 /* PBXTargetDependency */ = {
			isa = PBXTargetDependency;
			target = 096BF43922D099A700CE5517 /* Class02 */;
			targetProxy = 096BF45A22D099A800CE5517 /* PBXContainerItemProxy */;
		};
/* End PBXTargetDependency section */

/* Begin PBXVariantGroup section */
		096BF44122D099A700CE5517 /* Main.storyboard */ = {
			isa = PBXVariantGroup;
			children = (
				096BF44222D099A700CE5517 /* Base */,
			);
			name = Main.storyboard;
			sourceTree = "<group>";
		};
		096BF44622D099A800CE5517 /* LaunchScreen.storyboard */ = {
			isa = PBXVariantGroup;
			children = (
				096BF44722D099A800CE5517 /* Base */,
			);
			name = LaunchScreen.storyboard;
			sourceTree = "<group>";
		};
/* End PBXVariantGroup section */

/* Begin XCBuildConfiguration section */
		096BF46022D099A800CE5517 /* Debug */ = {
			isa = XCBuildConfiguration;
			buildSettings = {
				ALWAYS_SEARCH_USER_PATHS = NO;
				CLANG_ANALYZER_NONNULL = YES;
				CLANG_ANALYZER_NUMBER_OBJECT_CONVERSION = YES_AGGRESSIVE;
				CLANG_CXX_LANGUAGE_STANDARD = "gnu++14";
				CLANG_CXX_LIBRARY = "libc++";
				CLANG_ENABLE_MODULES = YES;
				CLANG_ENABLE_OBJC_ARC = YES;
				CLANG_ENABLE_OBJC_WEAK = YES;
				CLANG_WARN_BLOCK_CAPTURE_AUTORELEASING = YES;
				CLANG_WARN_BOOL_CONVERSION = YES;
				CLANG_WARN_COMMA = YES;
				CLANG_WARN_CONSTANT_CONVERSION = YES;
				CLANG_WARN_DEPRECATED_OBJC_IMPLEMENTATIONS = YES;
				CLANG_WARN_DIRECT_OBJC_ISA_USAGE = YES_ERROR;
				CLANG_WARN_DOCUMENTATION_COMMENTS = YES;
				CLANG_WARN_EMPTY_BODY = YES;
				CLANG_WARN_ENUM_CONVERSION = YES;
				CLANG_WARN_INFINITE_RECURSION = YES;
				CLANG_WARN_INT_CONVERSION = YES;
				CLANG_WARN_NON_LITERAL_NULL_CONVERSION = YES;
				CLANG_WARN_OBJC_IMPLICIT_RETAIN_SELF = YES;
				CLANG_WARN_OBJC_LITERAL_CONVERSION = YES;
				CLANG_WARN_OBJC_ROOT_CLASS = YES_ERROR;
				CLANG_WARN_RANGE_LOOP_ANALYSIS = YES;
				CLANG_WARN_STRICT_PROTOTYPES = YES;
				CLANG_WARN_SUSPICIOUS_MOVE = YES;
				CLANG_WARN_UNGUARDED_AVAILABILITY = YES_AGGRESSIVE;
				CLANG_WARN_UNREACHABLE_CODE = YES;
				CLANG_WARN__DUPLICATE_METHOD_MATCH = YES;
				CODE_SIGN_IDENTITY = "iPhone Developer";
				COPY_PHASE_STRIP = NO;
				DEBUG_INFORMATION_FORMAT = dwarf;
				ENABLE_STRICT_OBJC_MSGSEND = YES;
				ENABLE_TESTABILITY = YES;
				GCC_C_LANGUAGE_STANDARD = gnu11;
				GCC_DYNAMIC_NO_PIC = NO;
				GCC_NO_COMMON_BLOCKS = YES;
				GCC_OPTIMIZATION_LEVEL = 0;
				GCC_PREPROCESSOR_DEFINITIONS = (
					"DEBUG=1",
					"$(inherited)",
				);
				GCC_WARN_64_TO_32_BIT_CONVERSION = YES;
				GCC_WARN_ABOUT_RETURN_TYPE = YES_ERROR;
				GCC_WARN_UNDECLARED_SELECTOR = YES;
				GCC_WARN_UNINITIALIZED_AUTOS = YES_AGGRESSIVE;
				GCC_WARN_UNUSED_FUNCTION = YES;
				GCC_WARN_UNUSED_VARIABLE = YES;
				IPHONEOS_DEPLOYMENT_TARGET = 12.2;
				MTL_ENABLE_DEBUG_INFO = INCLUDE_SOURCE;
				MTL_FAST_MATH = YES;
				ONLY_ACTIVE_ARCH = YES;
				SDKROOT = iphoneos;
				SWIFT_ACTIVE_COMPILATION_CONDITIONS = DEBUG;
				SWIFT_OPTIMIZATION_LEVEL = "-Onone";
			};
			name = Debug;
		};
		096BF46122D099A800CE5517 /* Release */ = {
			isa = XCBuildConfiguration;
			buildSettings = {
				ALWAYS_SEARCH_USER_PATHS = NO;
				CLANG_ANALYZER_NONNULL = YES;
				CLANG_ANALYZER_NUMBER_OBJECT_CONVERSION = YES_AGGRESSIVE;
				CLANG_CXX_LANGUAGE_STANDARD = "gnu++14";
				CLANG_CXX_LIBRARY = "libc++";
				CLANG_ENABLE_MODULES = YES;
				CLANG_ENABLE_OBJC_ARC = YES;
				CLANG_ENABLE_OBJC_WEAK = YES;
				CLANG_WARN_BLOCK_CAPTURE_AUTORELEASING = YES;
				CLANG_WARN_BOOL_CONVERSION = YES;
				CLANG_WARN_COMMA = YES;
				CLANG_WARN_CONSTANT_CONVERSION = YES;
				CLANG_WARN_DEPRECATED_OBJC_IMPLEMENTATIONS = YES;
				CLANG_WARN_DIRECT_OBJC_ISA_USAGE = YES_ERROR;
				CLANG_WARN_DOCUMENTATION_COMMENTS = YES;
				CLANG_WARN_EMPTY_BODY = YES;
				CLANG_WARN_ENUM_CONVERSION = YES;
				CLANG_WARN_INFINITE_RECURSION = YES;
				CLANG_WARN_INT_CONVERSION = YES;
				CLANG_WARN_NON_LITERAL_NULL_CONVERSION = YES;
				CLANG_WARN_OBJC_IMPLICIT_RETAIN_SELF = YES;
				CLANG_WARN_OBJC_LITERAL_CONVERSION = YES;
				CLANG_WARN_OBJC_ROOT_CLASS = YES_ERROR;
				CLANG_WARN_RANGE_LOOP_ANALYSIS = YES;
				CLANG_WARN_STRICT_PROTOTYPES = YES;
				CLANG_WARN_SUSPICIOUS_MOVE = YES;
				CLANG_WARN_UNGUARDED_AVAILABILITY = YES_AGGRESSIVE;
				CLANG_WARN_UNREACHABLE_CODE = YES;
				CLANG_WARN__DUPLICATE_METHOD_MATCH = YES;
				CODE_SIGN_IDENTITY = "iPhone Developer";
				COPY_PHASE_STRIP = NO;
				DEBUG_INFORMATION_FORMAT = "dwarf-with-dsym";
				ENABLE_NS_ASSERTIONS = NO;
				ENABLE_STRICT_OBJC_MSGSEND = YES;
				GCC_C_LANGUAGE_STANDARD = gnu11;
				GCC_NO_COMMON_BLOCKS = YES;
				GCC_WARN_64_TO_32_BIT_CONVERSION = YES;
				GCC_WARN_ABOUT_RETURN_TYPE = YES_ERROR;
				GCC_WARN_UNDECLARED_SELECTOR = YES;
				GCC_WARN_UNINITIALIZED_AUTOS = YES_AGGRESSIVE;
				GCC_WARN_UNUSED_FUNCTION = YES;
				GCC_WARN_UNUSED_VARIABLE = YES;
				IPHONEOS_DEPLOYMENT_TARGET = 12.2;
				MTL_ENABLE_DEBUG_INFO = NO;
				MTL_FAST_MATH = YES;
				SDKROOT = iphoneos;
				SWIFT_COMPILATION_MODE = wholemodule;
				SWIFT_OPTIMIZATION_LEVEL = "-O";
				VALIDATE_PRODUCT = YES;
			};
			name = Release;
		};
		096BF46322D099A800CE5517 /* Debug */ = {
			isa = XCBuildConfiguration;
			buildSettings = {
				ASSETCATALOG_COMPILER_APPICON_NAME = AppIcon;
				CODE_SIGN_STYLE = Automatic;
				INFOPLIST_FILE = Class02/Info.plist;
				LD_RUNPATH_SEARCH_PATHS = (
					"$(inherited)",
					"@executable_path/Frameworks",
				);
				PRODUCT_BUNDLE_IDENTIFIER = edu.njcit.Class02;
				PRODUCT_NAME = "$(TARGET_NAME)";
				SWIFT_VERSION = 5.0;
				TARGETED_DEVICE_FAMILY = "1,2";
			};
			name = Debug;
		};
		096BF46422D099A800CE5517 /* Release */ = {
			isa = XCBuildConfiguration;
			buildSettings = {
				ASSETCATALOG_COMPILER_APPICON_NAME = AppIcon;
				CODE_SIGN_STYLE = Automatic;
				INFOPLIST_FILE = Class02/Info.plist;
				LD_RUNPATH_SEARCH_PATHS = (
					"$(inherited)",
					"@executable_path/Frameworks",
				);
				PRODUCT_BUNDLE_IDENTIFIER = edu.njcit.Class02;
				PRODUCT_NAME = "$(TARGET_NAME)";
				SWIFT_VERSION = 5.0;
				TARGETED_DEVICE_FAMILY = "1,2";
			};
			name = Release;
		};
		096BF46622D099A800CE5517 /* Debug */ = {
			isa = XCBuildConfiguration;
			buildSettings = {
				ALWAYS_EMBED_SWIFT_STANDARD_LIBRARIES = YES;
				BUNDLE_LOADER = "$(TEST_HOST)";
				CODE_SIGN_STYLE = Automatic;
				INFOPLIST_FILE = Class02Tests/Info.plist;
				LD_RUNPATH_SEARCH_PATHS = (
					"$(inherited)",
					"@executable_path/Frameworks",
					"@loader_path/Frameworks",
				);
				PRODUCT_BUNDLE_IDENTIFIER = edu.njcit.Class02Tests;
				PRODUCT_NAME = "$(TARGET_NAME)";
				SWIFT_VERSION = 5.0;
				TARGETED_DEVICE_FAMILY = "1,2";
				TEST_HOST = "$(BUILT_PRODUCTS_DIR)/Class02.app/Class02";
			};
			name = Debug;
		};
		096BF46722D099A800CE5517 /* Release */ = {
			isa = XCBuildConfiguration;
			buildSettings = {
				ALWAYS_EMBED_SWIFT_STANDARD_LIBRARIES = YES;
				BUNDLE_LOADER = "$(TEST_HOST)";
				CODE_SIGN_STYLE = Automatic;
				INFOPLIST_FILE = Class02Tests/Info.plist;
				LD_RUNPATH_SEARCH_PATHS = (
					"$(inherited)",
					"@executable_path/Frameworks",
					"@loader_path/Frameworks",
				);
				PRODUCT_BUNDLE_IDENTIFIER = edu.njcit.Class02Tests;
				PRODUCT_NAME = "$(TARGET_NAME)";
				SWIFT_VERSION = 5.0;
				TARGETED_DEVICE_FAMILY = "1,2";
				TEST_HOST = "$(BUILT_PRODUCTS_DIR)/Class02.app/Class02";
			};
			name = Release;
		};
		096BF46922D099A800CE5517 /* Debug */ = {
			isa = XCBuildConfiguration;
			buildSettings = {
				ALWAYS_EMBED_SWIFT_STANDARD_LIBRARIES = YES;
				CODE_SIGN_STYLE = Automatic;
				INFOPLIST_FILE = Class02UITests/Info.plist;
				LD_RUNPATH_SEARCH_PATHS = (
					"$(inherited)",
					"@executable_path/Frameworks",
					"@loader_path/Frameworks",
				);
				PRODUCT_BUNDLE_IDENTIFIER = edu.njcit.Class02UITests;
				PRODUCT_NAME = "$(TARGET_NAME)";
				SWIFT_VERSION = 5.0;
				TARGETED_DEVICE_FAMILY = "1,2";
				TEST_TARGET_NAME = Class02;
			};
			name = Debug;
		};
		096BF46A22D099A800CE5517 /* Release */ = {
			isa = XCBuildConfiguration;
			buildSettings = {
				ALWAYS_EMBED_SWIFT_STANDARD_LIBRARIES = YES;
				CODE_SIGN_STYLE = Automatic;
				INFOPLIST_FILE = Class02UITests/Info.plist;
				LD_RUNPATH_SEARCH_PATHS = (
					"$(inherited)",
					"@executable_path/Frameworks",
					"@loader_path/Frameworks",
				);
				PRODUCT_BUNDLE_IDENTIFIER = edu.njcit.Class02UITests;
				PRODUCT_NAME = "$(TARGET_NAME)";
				SWIFT_VERSION = 5.0;
				TARGETED_DEVICE_FAMILY = "1,2";
				TEST_TARGET_NAME = Class02;
			};
			name = Release;
		};
/* End XCBuildConfiguration section */

/* Begin XCConfigurationList section */
		096BF43522D099A700CE5517 /* Build configuration list for PBXProject "Class02" */ = {
			isa = XCConfigurationList;
			buildConfigurations = (
				096BF46022D099A800CE5517 /* Debug */,
				096BF46122D099A800CE5517 /* Release */,
			);
			defaultConfigurationIsVisible = 0;
			defaultConfigurationName = Release;
		};
		096BF46222D099A800CE5517 /* Build configuration list for PBXNativeTarget "Class02" */ = {
			isa = XCConfigurationList;
			buildConfigurations = (
				096BF46322D099A800CE5517 /* Debug */,
				096BF46422D099A800CE5517 /* Release */,
			);
			defaultConfigurationIsVisible = 0;
			defaultConfigurationName = Release;
		};
		096BF46522D099A800CE5517 /* Build configuration list for PBXNativeTarget "Class02Tests" */ = {
			isa = XCConfigurationList;
			buildConfigurations = (
				096BF46622D099A800CE5517 /* Debug */,
				096BF46722D099A800CE5517 /* Release */,
			);
			defaultConfigurationIsVisible = 0;
			defaultConfigurationName = Release;
		};
		096BF46822D099A800CE5517 /* Build configuration list for PBXNativeTarget "Class02UITests" */ = {
			isa = XCConfigurationList;
			buildConfigurations = (
				096BF46922D099A800CE5517 /* Debug */,
				096BF46A22D099A800CE5517 /* Release */,
			);
			defaultConfigurationIsVisible = 0;
			defaultConfigurationName = Release;
		};
/* End XCConfigurationList section */
	};
	rootObject = 096BF43222D099A700CE5517 /* Project object */;
}
